
Microsoft Visual Studio Solution File, Format Version 12.00
# Visual Studio Version 17
VisualStudioVersion = 17.4.33213.308
MinimumVisualStudioVersion = 10.0.40219.1
Project("{9A19103F-16F7-4668-BE54-9A1E7A4F7556}") = "CarBookingApp", "CarBookingApp\CarBookingApp.csproj", "{9652498F-BF31-4700-96FD-CAF7D1CF5082}"
EndProject
Project("{FAE04EC0-301F-11D3-BF4B-00C04F79EFBC}") = "CarBookingApp.Data", "CarBookingApp.Data\CarBookingApp.Data.csproj", "{808E3359-9B64-49C5-889C-53EF9AE0883F}"
EndProject
Global
	GlobalSection(SolutionConfigurationPlatforms) = preSolution
		Debug|Any CPU = Debug|Any CPU
		Release|Any CPU = Release|Any CPU
	EndGlobalSection
	GlobalSection(ProjectConfigurationPlatforms) = postSolution
		{9652498F-BF31-4700-96FD-CAF7D1CF5082}.Debug|Any CPU.ActiveCfg = Debug|Any CPU
		{9652498F-BF31-4700-96FD-CAF7D1CF5082}.Debug|Any CPU.Build.0 = Debug|Any CPU
		{9652498F-BF31-4700-96FD-CAF7D1CF5082}.Release|Any CPU.ActiveCfg = Release|Any CPU
		{9652498F-BF31-4700-96FD-CAF7D1CF5082}.Release|Any CPU.Build.0 = Release|Any CPU
		{808E3359-9B64-49C5-889C-53EF9AE0883F}.Debug|Any CPU.ActiveCfg = Debug|Any CPU
		{808E3359-9B64-49C5-889C-53EF9AE0883F}.Debug|Any CPU.Build.0 = Debug|Any CPU
		{808E3359-9B64-49C5-889C-53EF9AE0883F}.Release|Any CPU.ActiveCfg = Release|Any CPU
		{808E3359-9B64-49C5-889C-53EF9AE0883F}.Release|Any CPU.Build.0 = Release|Any CPU
	EndGlobalSection
	GlobalSection(SolutionProperties) = preSolution
		HideSolutionNode = FALSE
	EndGlobalSection
	GlobalSection(ExtensibilityGlobals) = postSolution
		SolutionGuid = {FDEC4EFC-75A5-4868-85DA-5A7DA783B437}
	EndGlobalSection
EndGlobal
